github.com/aws/aws-lambda-go v1.54.0 h1:EGYpdyRGF88xszqlGcBewz811mJeRS+maNlLZXFheII=
github.com/aws/aws-lambda-go v1.54.0/go.mod h1:dpMpZgvWx5vuQJfBt0zqBha60q7Dd7RfgJv23DymV8A=
github.com/aws/aws-sdk-go v1.55.8 h1:JRmEUbU52aJQZ2AjX4q4Wu7t4uZjOu71uyNmaWlUkJQ=
github.com/aws/aws-sdk-go v1.55.8/go.mod h1:ZkViS9AqA6otK+JBBNH2++sx1sgxrPKcSzPPvQkUtXk=
github.com/aws/aws-sdk-go-v2 v1.43.0 h1:fharf/WhbRAVZ1du0QL7roNFxZ6T/sWr+4Ni617bwSI=
github.com/aws/aws-sdk-go-v2 v1.43.0/go.mod h1:5pKeft2eJj+gElQ38Jqg4ibCqh+/AK33/0X3hip7IjM=
github.com/aws/aws-sdk-go-v2/aws/protocol/eventstream v1.7.14 h1:3IZY0XAJquT3aHzbkHfPzy4ACPcEjVG0x87KOwtpqGY=
github.com/aws/aws-sdk-go-v2/aws/protocol/eventstream v1.7.14/go.mod h1:zwM6veDkhGgQFqkBy+uT28AAYpLu+uFMlPl+rCg/73E=
github.com/aws/aws-sdk-go-v2/config v1.32.31 h1:n4nY9O3QKoHIkL85EX+V8RcMFtOhlpTFhGArg915PXk=
github.com/aws/aws-sdk-go-v2/config v1.32.31/go.mod h1:PN0NYDCCoOpGGsZ2+elDUidmHfQBPyYzN2GCgl8HEBs=
github.com/aws/aws-sdk-go-v2/credentials v1.19.30 h1:TTCvvzFU6gXa4iJecNG/0F/B0oYTiazoRECr2XyLHrY=
github.com/aws/aws-sdk-go-v2/credentials v1.19.30/go.mod h1:jKxAp2AEncnliinzpgOSZDFv6+VjvWhjw/AtbfsWT9U=
github.com/aws/aws-sdk-go-v2/feature/ec2/imds v1.18.31 h1:kfVL5wAunCJycL6MOQ6aNh6PlAYEymflcjuKmrWUA0o=
github.com/aws/aws-sdk-go-v2/feature/ec2/imds v1.18.31/go.mod h1:nWfRNDAppujCQgOUd43lKT4yeLv9z3nJ3bw1G3BgQKo=
github.com/aws/aws-sdk-go-v2/internal/configsources v1.4.31 h1:Z8F3hfCY33IGpJjFAnv0wvtv1FIKj1GHmRDEYqy64tw=
github.com/aws/aws-sdk-go-v2/internal/configsources v1.4.31/go.mod h1:aVyUoytEyOViR6jhq6jula0xkc5NfBE2hgeF6BvOrao=
github.com/aws/aws-sdk-go-v2/internal/endpoints/v2 v2.7.31 h1:hyOxUyXdh3AyjE93gBgsfziJag9ACwcs+ZpDBLzi8mw=
github.com/aws/aws-sdk-go-v2/internal/endpoints/v2 v2.7.31/go.mod h1:OERqI9k0draSLB8O8woxY3q25ZWTELRK4RRoLMuMZFo=
github.com/aws/aws-sdk-go-v2/internal/v4a v1.4.32 h1:0MrUL35H/Y4kdFfItoR5jCgtDQ4Z/8LudAoIHRfA4hE=
github.com/aws/aws-sdk-go-v2/internal/v4a v1.4.32/go.mod h1:2tNZkuWz54arj8mHVf+8Y7cKkcD8Wr/fBpENgEXpjLc=
github.com/aws/aws-sdk-go-v2/service/acm v1.43.0 h1:EOY39up2uAFfBVcmcKbp1kQHvM+wAst5hpFxHYNSVQk=
github.com/aws/aws-sdk-go-v2/service/acm v1.43.0/go.mod h1:NmzepAu1wZ8WjVOXWfA5RCYNJ3KVyq6d1KxcUWwPcYo=
github.com/aws/aws-sdk-go-v2/service/amplify v1.41.0 h1:T7PoZzwd0FvduruLoWCDWfi/HaidZ5ge8GpbT+9vgw0=
github.com/aws/aws-sdk-go-v2/service/amplify v1.41.0/go.mod h1:WLpPGkqa0JoyTEyBfiRvsf9Gba7wYMvetWuMCDfshYs=
github.com/aws/aws-sdk-go-v2/service/apigateway v1.42.0 h1:wslJQLjREGPil6ZtedkDsFAplnPWiV4y1kHltqR4v6Q=
github.com/aws/aws-sdk-go-v2/service/apigateway v1.42.0/go.mod h1:E1X6KqJeFQLq4tXxmWUi54CE7UBjtcfRPYHYXMKHtig=
github.com/aws/aws-sdk-go-v2/service/apigatewayv2 v1.37.0 h1:3Xs2f3t6cuw+DOajrZHaGPK7nkdFvXGqr9cd/N+/RGU=
github.com/aws/aws-sdk-go-v2/service/apigatewayv2 v1.37.0/go.mod h1:9OEm9yK4/cNLcpwhzHXVFg3xF5m+Y6BbjJHJDAq1c1Q=
github.com/aws/aws-sdk-go-v2/service/appmesh v1.38.0 h1:OqirpkBdc9Kqk7dAcyjhumvqFenQt11BPpZGawJD72s=
github.com/aws/aws-sdk-go-v2/service/appmesh v1.38.0/go.mod h1:0HRr9voZTNvLbrU2QSrzdvcUOT7Mir690nUSqeksLB4=
github.com/aws/aws-sdk-go-v2/service/appsync v1.56.0 h1:y2MptEQK5AHr2/x3j736IDH1PrHQCHM/NwpCSsDe4P4=
github.com/aws/aws-sdk-go-v2/service/appsync v1.56.0/go.mod h1:dM/3Rckh0leO7ecv0+mMsFiawmP4dpa+pPYOAfXZvNU=
github.com/aws/aws-sdk-go-v2/service/athena v1.60.0 h1:xJjXbo7GBBcgThOLmfDgWsYJpaDDGDS5oLjyhG8PXlM=
github.com/aws/aws-sdk-go-v2/service/athena v1.60.0/go.mod h1:uJcMuPai627FAmwKie+HvmxKRG8PE8+lTgtm5jBo0d4=
github.com/aws/aws-sdk-go-v2/service/backup v1.59.0 h1:dofKC0zN5ZaPSJqPAh1PBtqhaSBp1RgQUOiFeICGiaM=
github.com/aws/aws-sdk-go-v2/service/backup v1.59.0/go.mod h1:rbCaVHc+DeynuN9rBBxbX6KkXNHtaTQtKCBLnD/QNAI=
github.com/aws/aws-sdk-go-v2/service/batch v1.68.0 h1:Zs0feF3Dg/8Ivn5DsQ/GVfigFYiisQAo9YVpaNoSabs=
github.com/aws/aws-sdk-go-v2/service/batch v1.68.0/go.mod h1:Wd8NHSUj/4Sep0bREUm+sNVXC1XAE5SEUK658ImgrEE=
github.com/aws/aws-sdk-go-v2/service/cloudcontrol v1.32.0 h1:ssdMICmMrGazyDjh3F9l4ht+12Zt0WLyGIQELDUp8IE=
github.com/aws/aws-sdk-go-v2/service/cloudcontrol v1.32.0/go.mod h1:JVksBIqn0LJzhAj4w9aNMIIDFwCuajkHI3Wy8tr5TkI=
github.com/aws/aws-sdk-go-v2/service/cloudformation v1.75.0 h1:D+yEYlvEKHrIdOd3b06vGz1TKZPuixdlafUczNn/d+Q=
github.com/aws/aws-sdk-go-v2/service/cloudformation v1.75.0/go.mod h1:itiCmD3r0WFBMbFXb0JrOnr6IFLWlbNAQkorsvl4nNM=
github.com/aws/aws-sdk-go-v2/service/cloudfront v1.67.0 h1:im/ncpA+Jk0vM65L/PCtsYf6fK87PJNjSxwHpHvICp0=
github.com/aws/aws-sdk-go-v2/service/cloudfront v1.67.0/go.mod h1:qoIp6DWjzOuSXA1htGaDv8E2Olj0O3TYPikdjfv2wKc=
github.com/aws/aws-sdk-go-v2/service/cloudtrail v1.58.0 h1:0emgCpX7x4s80lZbktnRJBdLxs8LRgpKRDVORrNSz+o=
github.com/aws/aws-sdk-go-v2/service/cloudtrail v1.58.0/go.mod h1:Fe4hZhPz2Pd5Ip9F/x5F+qVZVwkhm9CL+FdvrDOwQWE=
github.com/aws/aws-sdk-go-v2/service/cloudwatch v1.65.0 h1:mthzbb+JegG3ij6kCilO/tPPVT+ohq0dA/mc3kHFHDo=
github.com/aws/aws-sdk-go-v2/service/cloudwatch v1.65.0/go.mod h1:t3drm8DC/zlLUm3MvhkgD4Me6U6EJjzO+ZhcBzWxkcc=
github.com/aws/aws-sdk-go-v2/service/cloudwatchlogs v1.80.0 h1:8bwR4D8tjjCCJDyTQVNExR8/YwcM1j0gfcg+kZBDzug=
github.com/aws/aws-sdk-go-v2/service/cloudwatchlogs v1.80.0/go.mod h1:xTMcupQaB0rAXM3U+uf3UhleUEte+24wFd3BQsDlFQ8=
github.com/aws/aws-sdk-go-v2/service/codeconnections v1.13.0 h1:dcn8I0XDHhK6FJwFgQ1aiDAL/UuC8u71vS7YueRM3QY=
github.com/aws/aws-sdk-go-v2/service/codeconnections v1.13.0/go.mod h1:FtvSRq5XKX8KRm6AbaOHzsvi5VpMWqw04hp1jm4jN08=
github.com/aws/aws-sdk-go-v2/service/codeguruprofiler v1.32.0 h1:AuOZw6b8rRwghDnYxz298PX28szJmdzrgLBzyL/TJRM=
github.com/aws/aws-sdk-go-v2/service/codeguruprofiler v1.32.0/go.mod h1:C+yoAChkdF5xyddXhq0l9qfQ3qHBBaRjPq3EkRuGH0I=
github.com/aws/aws-sdk-go-v2/service/codegurureviewer v1.37.0 h1:D1ImKOiMTkkXHGxg528jNA41ePfUbpwDoDVPaa/5OT0=
github.com/aws/aws-sdk-go-v2/service/codegurureviewer v1.37.0/go.mod h1:3d4tiPLgZWJ6whJbWyeJUBx2YuGSk9YdlW5KAsM+dtI=
github.com/aws/aws-sdk-go-v2/service/cognitoidentityprovider v1.67.0 h1:yuHe6Bf3LzmCS8y4R95s/DsvheAC0lN9jPh0dwfbrKM=
github.com/aws/aws-sdk-go-v2/service/cognitoidentityprovider v1.67.0/go.mod h1:7ZZOg4mmBvXQyMN312gsGinu1XvIK0/f49XpLcPTn3g=
github.com/aws/aws-sdk-go-v2/service/comprehend v1.43.0 h1:NCddC9JS71rzErGrmeMKScmLMgupvBohMk28UbOPGNo=
github.com/aws/aws-sdk-go-v2/service/comprehend v1.43.0/go.mod h1:eNKP59f1K80rAkf3LlL0KJcLawidfhs39rfk4AATo/c=
github.com/aws/aws-sdk-go-v2/service/configservice v1.68.0 h1:UxoyGnWauK+HJlcmrLo3iqmP/k8OPiK9A9lHiKN75Ns=
github.com/aws/aws-sdk-go-v2/service/configservice v1.68.0/go.mod h1:nNWWBcZRB4dTAbl9GluK2jsxhcQZrccMUlUQT8dmq/E=
github.com/aws/aws-sdk-go-v2/service/costexplorer v1.67.0 h1:Ur5JnKAuwdlQa8qe0u1x6G2oLoWJgZft5oCGX3KmMHY=
github.com/aws/aws-sdk-go-v2/service/costexplorer v1.67.0/go.mod h1:8ykax9UYHuRpEFeB18m0KFjBMwyLpOoKtbyfq/rLazM=
github.com/aws/aws-sdk-go-v2/service/dataexchange v1.44.0 h1:aNWw5R80AQtnlsKmXZAosyAQwfRYjQnWwu7NiIBQKIs=
github.com/aws/aws-sdk-go-v2/service/dataexchange v1.44.0/go.mod h1:9lJyS6gWzeiD6eSXlwcVliT4xUjufZQw2/5Rwd4HWTs=
github.com/aws/aws-sdk-go-v2/service/directoryservice v1.41.0 h1:wFBKnPxTtb9/goCvzPgQs+PLrdgIY6t0U5DNDG8xCkw=
github.com/aws/aws-sdk-go-v2/service/directoryservice v1.41.0/go.mod h1:IhTV2nyFvo3fRfhoK0jaQVaCy5apxhx6QIhAGbo7+K8=
github.com/aws/aws-sdk-go-v2/service/dlm v1.39.0 h1:oXxeqifF8rFtwJt2TRvXvQwC6qzDPMWLQ1m8ddunf8w=
github.com/aws/aws-sdk-go-v2/service/dlm v1.39.0/go.mod h1:AUX7Ca1k7JHRkr3gnbtfwk+6RnNB9Ua9Ax1Vj37daN8=
github.com/aws/aws-sdk-go-v2/service/docdb v1.51.0 h1:CTHpP5wVykFpmzEPs5nF4Dq9IB2KUSVUdDw6sNBSmbI=
github.com/aws/aws-sdk-go-v2/service/docdb v1.51.0/go.mod h1:9/CWEVTnlgEHOip26dPx9Vnd1aSWMOWX/xncIh+B9K4=
github.com/aws/aws-sdk-go-v2/service/dynamodb v1.62.0 h1:dmSHhWfiG97JzgFwzQfXRXkNaVdFsW2gUGoJFBCxUls=
github.com/aws/aws-sdk-go-v2/service/dynamodb v1.62.0/go.mod h1:4gF8PVvLxtCAUKJKa5vtI3jxQuShSdqupD9KVjOBoHE=
github.com/aws/aws-sdk-go-v2/service/dynamodbstreams v1.36.0 h1:7kym7t+G4XJwNR27HVVCakp5DK8fJlc7AbT8MjdxzCE=
github.com/aws/aws-sdk-go-v2/service/dynamodbstreams v1.36.0/go.mod h1:fjyLMSacyXogJcZnYtb0KGAh3CVee3WNpnILtKnKf6M=
github.com/aws/aws-sdk-go-v2/service/ebs v1.36.0 h1:nrsjtXpwCrH6AbDtBMu1cSLO9MGAPfb391Wk1I2L2VM=
github.com/aws/aws-sdk-go-v2/service/ebs v1.36.0/go.mod h1:iqkUicTtuw1VRvHp9Sc3skniBYy858UWRhGJnaiyaz4=
github.com/aws/aws-sdk-go-v2/service/ec2 v1.317.0 h1:IkqA16g2hkQntk/K5+srT65TueoTDa7vGhZwqG9w6T4=
github.com/aws/aws-sdk-go-v2/service/ec2 v1.317.0/go.mod h1:dmz3SHr11/hwUijR6xfE/xDRNHcjJwJWZ9ASZdkjGeg=
github.com/aws/aws-sdk-go-v2/service/ecr v1.60.0 h1:IA15HskOkJHobjdWTGBA3+S/uXoPjjvokWIEIFgCxmI=
github.com/aws/aws-sdk-go-v2/service/ecr v1.60.0/go.mod h1:JpVikD9ufwCdSVjhk83KyEHa/2LM2VkAqgDmNvArq44=
github.com/aws/aws-sdk-go-v2/service/ecs v1.89.0 h1:Y2xyDc+4y7PX7VeT9ZSxyaorH4I4jx5rPJN8V/FRqso=
github.com/aws/aws-sdk-go-v2/service/ecs v1.89.0/go.mod h1:hntrqC7aHKhK1Q6DX1QEZHH+qkqnhiR/pFCjH0ik5nA=
github.com/aws/aws-sdk-go-v2/service/eks v1.90.0 h1:kllLzp3kjvTIfOnG9PzTE8ta2A11gqyriWTyfa4qptE=
github.com/aws/aws-sdk-go-v2/service/eks v1.90.0/go.mod h1:An9RTA4UKFFF18KYn9I8w6F7ejHsMUb2WKrWxFG7WQQ=
github.com/aws/aws-sdk-go-v2/service/elasticache v1.56.0 h1:KwkgsVklj6heo6xV3Go+KNbGtJGv80+u7lnU7Mw3R64=
github.com/aws/aws-sdk-go-v2/service/elasticache v1.56.0/go.mod h1:jNvxVh9nmK+pamcs+77YWzwFdDK/HuUNLqisJw++0Nk=
github.com/aws/aws-sdk-go-v2/service/elasticbeanstalk v1.37.0 h1:QhXwmyEOHtchUIKsGENKXiXQdMcbKbLIypTi4AFe1YA=
github.com/aws/aws-sdk-go-v2/service/elasticbeanstalk v1.37.0/go.mod h1:VGBF23EaLwMKInF6ZiQd1huD3db28GTQlhNRC+GO8zk=
github.com/aws/aws-sdk-go-v2/service/elasticloadbalancingv2 v1.58.1 h1:4KFrMyyOVeXiP4wiDaeevlV73qemxrMY1qN/pmW6My8=
github.com/aws/aws-sdk-go-v2/service/elasticloadbalancingv2 v1.58.1/go.mod h1:8oLCSyyky75OpQ8Lo72GuoJXbeaEb1R8+dHgQOgWKaI=
github.com/aws/aws-sdk-go-v2/service/emrserverless v1.44.0 h1:FAO512GN+6OBhx1w2H81jm20/Cpj0mWCD6684Y0hFPM=
github.com/aws/aws-sdk-go-v2/service/emrserverless v1.44.0/go.mod h1:QQd1okvrd0h2WrYpTxu5OIuL80fEbOoVtZVfAmQt68c=
github.com/aws/aws-sdk-go-v2/service/entityresolution v1.30.0 h1:WU0wVJ5uGAr41bCBlcWddpGbuFy6iPuJW7oWK/Zx+jI=
github.com/aws/aws-sdk-go-v2/service/entityresolution v1.30.0/go.mod h1:t29vFtB30eHnO3Uo6CR+2AWQEt6Okt8tIjY8EFOJpbw=
github.com/aws/aws-sdk-go-v2/service/eventbridge v1.48.0 h1:yELHfWewimb2tn3G1VzB9vV0m1gfIg6l7SUJegUwdOM=
github.com/aws/aws-sdk-go-v2/service/eventbridge v1.48.0/go.mod h1:omTuHWtb4F9qY54sIyduQW899SSbvO6t7rgO6KiLn90=
github.com/aws/aws-sdk-go-v2/service/finspace v1.36.0 h1:CjZTpLV+Y9eDUehff0NB5Fgc2xehboRzrlaBEYq8C68=
github.com/aws/aws-sdk-go-v2/service/finspace v1.36.0/go.mod h1:ZXqKaDHiAP4ssUt/XtbZfOwtywegcfG+Kwgh2TFOzJ8=
github.com/aws/aws-sdk-go-v2/service/firehose v1.46.0 h1:YiyhvJXEsniSStvXFDTqnNPu4ZYZcN52bEi7PRlmF7U=
github.com/aws/aws-sdk-go-v2/service/firehose v1.46.0/go.mod h1:JAbNWUwKnXMvVLeYz7g316dn36FrTCV3C1xrPaoa45g=
github.com/aws/aws-sdk-go-v2/service/forecast v1.44.0 h1:1nirYf49X8AoGD7r2H4MuebWA1N0f8+1TJKfPayYaik=
github.com/aws/aws-sdk-go-v2/service/forecast v1.44.0/go.mod h1:mkrpQ2uO2og2YsYRfMVPCJ4UgQRoioygRx0eLawlf7o=
github.com/aws/aws-sdk-go-v2/service/gamelift v1.59.0 h1:sTjOqQzWSDiCJDYaw87mSV5J/hY9zqlK8kq/OIPTqrY=
github.com/aws/aws-sdk-go-v2/service/gamelift v1.59.0/go.mod h1:uqfFM0d8NTCWp9pF6hUqoswERCWd5NAj9FA2tU5zQ4o=
github.com/aws/aws-sdk-go-v2/service/glacier v1.35.0 h1:bPYe5agQVvohR8T4z0mjtLensOASWSOQo9pGga8vS6Q=
github.com/aws/aws-sdk-go-v2/service/glacier v1.35.0/go.mod h1:AZKXlI5VfuLSC5zu99MrXH0CM2cE6XYXvhhoVDCPU1k=
github.com/aws/aws-sdk-go-v2/service/globalaccelerator v1.38.0 h1:gQy2qKRXBCcAF+si9W+GaJstp3VkflE/l2F7nzH52/0=
github.com/aws/aws-sdk-go-v2/service/globalaccelerator v1.38.0/go.mod h1:5hbTpCTqFISY8Fkns8EfK7XYYkXDgkGVwQbUGzv8Uvs=
github.com/aws/aws-sdk-go-v2/service/glue v1.149.0 h1:GXr9D1hxV67bt+Wwes8ROI4Tr16bLjz/05kXJ9+lV1I=
github.com/aws/aws-sdk-go-v2/service/glue v1.149.0/go.mod h1:93nJfS6AteNJZI7edTszbxB/KoH9jX8B7eNo3NnGAiY=
github.com/aws/aws-sdk-go-v2/service/iam v1.56.0 h1:qMlfpx3Riusio6auCZEzO+2pSa60vIodTCHkKlR3Lrw=
github.com/aws/aws-sdk-go-v2/service/iam v1.56.0/go.mod h1:w1gyo7MshvXbLKPOLcsCn/TcvRQQRhZ7r7eS+cF6km4=
github.com/aws/aws-sdk-go-v2/service/internal/accept-encoding v1.13.13 h1:mbRIur/BiHK6SKPjoBIXSE/hJ6g6JGRLuxQy1jGjlN4=
github.com/aws/aws-sdk-go-v2/service/internal/accept-encoding v1.13.13/go.mod h1:ITg9em2KbJx1s0y4aqRX5OYWG6HBZ5TVR//OdpEZ2CQ=
github.com/aws/aws-sdk-go-v2/service/internal/checksum v1.9.24 h1:mdPwDQPqxlw9Sc62Nt15yjEcARaDbPXkjRYtXsUripo=
github.com/aws/aws-sdk-go-v2/service/internal/checksum v1.9.24/go.mod h1:ls5ytnwLTcQaUu32fMYXFI3MjpKuTwL840PAm9iqyEg=
github.com/aws/aws-sdk-go-v2/service/internal/endpoint-discovery v1.12.8 h1:kfgL0NvbseQBst36T3PaU+JiKTYwqxkpHThhFRplXmM=
github.com/aws/aws-sdk-go-v2/service/internal/endpoint-discovery v1.12.8/go.mod h1:UCK+9nv9zMfXlw6hZXcuXzqfPPHcN4tgy6eO1TkvaR8=
github.com/aws/aws-sdk-go-v2/service/internal/presigned-url v1.13.31 h1:w2SIhW92DZPFrSL4ksVCr8IYff5OZwIcxg8+95tzvAI=
github.com/aws/aws-sdk-go-v2/service/internal/presigned-url v1.13.31/go.mod h1:wAhpCQbkov+IcvjozJbd2xRCoZybUEHNkcFunssNACg=
github.com/aws/aws-sdk-go-v2/service/internal/s3shared v1.19.32 h1:jWXtZdCnhXa9sGFixRaU2AxT4DIVse9HS4E2f+/KwV0=
github.com/aws/aws-sdk-go-v2/service/internal/s3shared v1.19.32/go.mod h1:9JS1UpfVvyD/ZPX8GsKb/Pq8scEM+7GP5fqh9SwH7po=
github.com/aws/aws-sdk-go-v2/service/kafka v1.56.0 h1:QSvI/3ND6Pgx0DQB0i09gfypwzHotyNt94kzXcuXnvY=
github.com/aws/aws-sdk-go-v2/service/kafka v1.56.0/go.mod h1:dTPUh1Cv2uHm3h4bwrpUuJo4OQdcHFozlRgw4N/t+E8=
github.com/aws/aws-sdk-go-v2/service/kinesis v1.46.0 h1:pFcEg2YLW1Y8wpZ0HeXZociCnMp7CBO0YxTTgMQdxsk=
github.com/aws/aws-sdk-go-v2/service/kinesis v1.46.0/go.mod h1:/GmoNilWgogmf5t9oYHw8tTorBaf3lOITAzSQ7lJWBU=
github.com/aws/aws-sdk-go-v2/service/kms v1.55.0 h1:uB8ymkVosyourmGXCZHyWhJ4wuKA4xq3ii2dVMPtBZY=
github.com/aws/aws-sdk-go-v2/service/kms v1.55.0/go.mod h1:rK4RITSY/qJw3qVJ7p19fceOWuvrisqqOChFkX05n5I=
github.com/aws/aws-sdk-go-v2/service/lambda v1.100.0 h1:+yo2c/jxcKL9QTNd9kXuHnqQadTAGbLu0Gd6UpgHR/E=
github.com/aws/aws-sdk-go-v2/service/lambda v1.100.0/go.mod h1:MqXYA1KLFNcpHpxuCtn9ozip1D/xoGBY5oUOTFsjl4I=
github.com/aws/aws-sdk-go-v2/service/location v1.54.0 h1:Xr/nNQfdXm2dGKGq+LexqDmodDYibnNSVxHDfM0frow=
github.com/aws/aws-sdk-go-v2/service/location v1.54.0/go.mod h1:tfGQDHOcQEHGm3G5X5p2ytNB6JdSTNwY0tqDGlKXNXg=
github.com/aws/aws-sdk-go-v2/service/macie2 v1.54.0 h1:N9K51ZTQmFBGOrgRDiw3KiRO3iyUI6EuRx5K6+zRib8=
github.com/aws/aws-sdk-go-v2/service/macie2 v1.54.0/go.mod h1:X+aUaqpL6Okxlf/S35NXt7O+raZyNuOo+xqI2mDZnn0=
github.com/aws/aws-sdk-go-v2/service/memorydb v1.36.0 h1:VfIue7MLRJGQQw4fFO4VhoKiLe4v1MCN6PsieifwM4g=
github.com/aws/aws-sdk-go-v2/service/memorydb v1.36.0/go.mod h1:RaPwlyAXJDOdHX9tJzMpnzcWwTf2FZ7gznTNvchHnQI=
github.com/aws/aws-sdk-go-v2/service/mq v1.39.0 h1:x3150FNs68xCs5cJgJpWmEaEQh95LqSjPcrxmPwuNlA=
github.com/aws/aws-sdk-go-v2/service/mq v1.39.0/go.mod h1:ruz2cwem8pSWym2zCGTNZ3YkkwkNX9OPFbjLXwBwPWI=
github.com/aws/aws-sdk-go-v2/service/neptune v1.48.0 h1:v1pX4hILg8phgfPiqkB4zpvQRjKrf92EyVj36orOt3o=
github.com/aws/aws-sdk-go-v2/service/neptune v1.48.0/go.mod h1:0q53h/v4NmkxMoIkml6FueJisqFC2eL5UHcNFt/DRko=
github.com/aws/aws-sdk-go-v2/service/organizations v1.53.0 h1:hhqxOJHJnE1tpM4mdB1ZakrXAn8hL99gTXkKvqjdMqM=
github.com/aws/aws-sdk-go-v2/service/organizations v1.53.0/go.mod h1:WgSFAx/LWEGO1Fs40g9h7F1gl5Bez6HawtlrNRDHBoA=
github.com/aws/aws-sdk-go-v2/service/pinpointsmsvoicev2 v1.32.0 h1:TxFeeaMaU2xHZDtOiefD+eOz1/TZpPgeISggBagjiNM=
github.com/aws/aws-sdk-go-v2/service/pinpointsmsvoicev2 v1.32.0/go.mod h1:YADiZMGkgthP4pGs27JR/lHMK6Dslm+Db1O4GAT/TyA=
github.com/aws/aws-sdk-go-v2/service/pipes v1.26.0 h1:ct8/TTjaKU+Dv5TbLUdui5quMzxULBRX21IvK2Nza4w=
github.com/aws/aws-sdk-go-v2/service/pipes v1.26.0/go.mod h1:zqEYxLPmSOX2gA1o+oaXINF/VUsJI3ENBIAxyhJKOdg=
github.com/aws/aws-sdk-go-v2/service/rds v1.123.0 h1:RZFP5elGZ7WRYuLScbx41DPUQaWfYadpywZij9z9p8U=
github.com/aws/aws-sdk-go-v2/service/rds v1.123.0/go.mod h1:3SltwJWYlbf00Rh02s42VpyHl+YMk34UA3+R/zb76dw=
github.com/aws/aws-sdk-go-v2/service/redshift v1.65.0 h1:WhLW6QV8Agopyeoi0k/5kwINFdric3Irb2gXth1hz/M=
github.com/aws/aws-sdk-go-v2/service/redshift v1.65.0/go.mod h1:eKM945fsEgEQjwX6yZIHg4DV9dbs1pLZZPDB+egu3fs=
github.com/aws/aws-sdk-go-v2/service/rekognition v1.54.0 h1:ZKcieY2TxddWiyypHSV3Hua7Gu90uMqTPFQuwpUbUzU=
github.com/aws/aws-sdk-go-v2/service/rekognition v1.54.0/go.mod h1:cXCyvSqYM0JrSJKi6aUAC49RmtbplDxnZjhy5SRW4rE=
github.com/aws/aws-sdk-go-v2/service/resiliencehub v1.38.0 h1:a9ji8LETG5cbFgApr6rCB/264iAi3YydB+3QdQeftag=
github.com/aws/aws-sdk-go-v2/service/resiliencehub v1.38.0/go.mod h1:kiGNF1HmeLusTJ+auzilVcMcCR3/v4+hFT0IARxx4Fw=
github.com/aws/aws-sdk-go-v2/service/route53 v1.65.2 h1:/6WibgFHIQnBuP0PtWnz7NZ6DZ0/mN9ua5kruz7UXMA=
github.com/aws/aws-sdk-go-v2/service/route53 v1.65.2/go.mod h1:kg30QdUv8hG6jifkHp+F8448US9y9a+6xS2l5F8aa38=
github.com/aws/aws-sdk-go-v2/service/route53resolver v1.48.0 h1:cz9x9ugmSB9GFsKzuaNoR9Pa7RA5eU3rvK/FEfeRnJY=
github.com/aws/aws-sdk-go-v2/service/route53resolver v1.48.0/go.mod h1:su6a+LPudDVtYwFoFFj42MIzeg44C/hmSaQQb3ObSqg=
github.com/aws/aws-sdk-go-v2/service/s3 v1.106.0 h1:7QZWVJZWzHivHWIa+5TELLaBBkbuoj0GPwQtMlJ0sqk=
github.com/aws/aws-sdk-go-v2/service/s3 v1.106.0/go.mod h1:fcvq5L7dK+5cQFicEJwpI6e6Wn8NY2i6yT5wRLYVc7s=
github.com/aws/aws-sdk-go-v2/service/s3control v1.73.0 h1:lDI0ufDsxrrrsnHtRVikujq8wSj1s0SZb/ozupryl3k=
github.com/aws/aws-sdk-go-v2/service/s3control v1.73.0/go.mod h1:RXPWSuQF1INsDW+T108JJVRwU80zjOGByAsp6ATWkkg=
github.com/aws/aws-sdk-go-v2/service/s3tables v1.18.0 h1:h4JF7wcykyJkaHjdcqR902CmB0qo2sJausoWftraE5c=
github.com/aws/aws-sdk-go-v2/service/s3tables v1.18.0/go.mod h1:upGsZ9NiPRXtasn0kOws5GLFgFR//n40zxi3nTJxUpk=
github.com/aws/aws-sdk-go-v2/service/sagemaker v1.261.0 h1:/DSCIlICo2JDr737sXZtI92PyipzfshjQ4OZaGpuExA=
github.com/aws/aws-sdk-go-v2/service/sagemaker v1.261.0/go.mod h1:5Tj0uNGWfmv8LULjaTVHV7Zy/NyppaPb40OeID0tFBw=
github.com/aws/aws-sdk-go-v2/service/scheduler v1.20.0 h1:IuqEJTV2nR+2f9O5Rk0AvYmvc0aFc3wZ0biKCq3sRd0=
github.com/aws/aws-sdk-go-v2/service/scheduler v1.20.0/go.mod h1:Pf5NllMdXVjlyyBR9hS5CeRfgnguDRVBrfmGMyKIeL0=
github.com/aws/aws-sdk-go-v2/service/secretsmanager v1.44.0 h1:pFFG4fjjuxCrCnAQJg/O33h947MBR8dvQb+FX93Ed+k=
github.com/aws/aws-sdk-go-v2/service/secretsmanager v1.44.0/go.mod h1:62iixi6C/4RcKklwtnn+LATl9ZyisVjf6ahGmITBpYA=
github.com/aws/aws-sdk-go-v2/service/securitylake v1.28.0 h1:I4kZPxfpXrE0BfSW5y63gOofnilSsLHGqEGJlLsmbeE=
github.com/aws/aws-sdk-go-v2/service/securitylake v1.28.0/go.mod h1:uadsU92C3I353mZo9Szg9udNror8xHUwLDqQVaswEIA=
github.com/aws/aws-sdk-go-v2/service/servicequotas v1.37.0 h1:q4oBlSN8mICblIC6EQx0g4zCT9H0qcVjdfBwlMw8ToM=
github.com/aws/aws-sdk-go-v2/service/servicequotas v1.37.0/go.mod h1:t4TOxzwIIl62hakgVVnN41DmDa3jVpnjIEEsguiT9QY=
github.com/aws/aws-sdk-go-v2/service/ses v1.37.0 h1:ygx2PUUOV+qfSNKRuzS+eU3igp6jIH1EPxQHW0eqj9Q=
github.com/aws/aws-sdk-go-v2/service/ses v1.37.0/go.mod h1:t5xoq5RgLDhf+8Ba9QtirMl6QFtFDWjAgmcpxUr1jCo=
github.com/aws/aws-sdk-go-v2/service/sesv2 v1.66.0 h1:trHEFsuX3kTndC27azplXeKbPehlKhCWNvuDcLg34SM=
github.com/aws/aws-sdk-go-v2/service/sesv2 v1.66.0/go.mod h1:do4UiBA1bS3c+bUdHOTkuD3tutRiVq1gHgfao/2CyBc=
github.com/aws/aws-sdk-go-v2/service/sfn v1.45.0 h1:cjiIV5IQVRTC2ekkdDNotgN0Sw1xQjLBYOJnmbaqFBg=
github.com/aws/aws-sdk-go-v2/service/sfn v1.45.0/go.mod h1:4b8yWXuw3t4DkIGDIuRx4cj5qVfO9ed16jRtDskdibY=
github.com/aws/aws-sdk-go-v2/service/signin v1.5.0 h1:OHH5iTQvVGmfHjX/5Q+vFuA/Rf2x6/95aJ/75QCQSm4=
github.com/aws/aws-sdk-go-v2/service/signin v1.5.0/go.mod h1:mCF3AK9PpL49oOrhniUXWAfhVBVQ/XbytoE5eccZUIs=
github.com/aws/aws-sdk-go-v2/service/sns v1.42.0 h1:hE9mxcePgE1labOMy2zgkfy3KuxIk7P0DkJpAkd4vCw=
github.com/aws/aws-sdk-go-v2/service/sns v1.42.0/go.mod h1:xb3KrcS9KZApl6VZt+PWDjfGrutL6qaizkA+FAnRpYA=
github.com/aws/aws-sdk-go-v2/service/sqs v1.46.0 h1:hmBkpaSqCNPNSGks4L+/SD5oo/VVPdtt5+0KjeUyIXw=
github.com/aws/aws-sdk-go-v2/service/sqs v1.46.0/go.mod h1:EgXHMtblOlTumTlUcQpjLEjE5+Fcab4DOusy8KKGTcQ=
github.com/aws/aws-sdk-go-v2/service/ssm v1.73.0 h1:8AE9z5vMHNC7tQuaje8fSsNZyvj+0ttiQ2Ed/8rLBsc=
github.com/aws/aws-sdk-go-v2/service/ssm v1.73.0/go.mod h1:004bP6yJs8vdEpZwBT3H25GzleBVJYgeT2pPXkU4t4g=
github.com/aws/aws-sdk-go-v2/service/sso v1.33.0 h1:CaJyYhxBE0M/HJX/YvSaSmQlsI91VHB0lKU8LtLxL3A=
github.com/aws/aws-sdk-go-v2/service/sso v1.33.0/go.mod h1:+e6BMRMPjBQoCw/WovYR9GLy2IU0z4Q77smOB1DraSg=
github.com/aws/aws-sdk-go-v2/service/ssooidc v1.38.0 h1:tC323YV77QdafeBr6LUhLDTsboyuyHLNRwAyCP44kGU=
github.com/aws/aws-sdk-go-v2/service/ssooidc v1.38.0/go.mod h1:SfLK1sgviHmbI+MozR9iDwDjL4cdCVZtahsjoR+z7wg=
github.com/aws/aws-sdk-go-v2/service/sts v1.45.0 h1:Pd6PNlp4t8PTXxqzstICl52Wsy78vpjFZ7PRUj44mJc=
github.com/aws/aws-sdk-go-v2/service/sts v1.45.0/go.mod h1:rmQ0TnHzuLPmabgjPcsywhsSOmaBDgzR4zvDxSPsGdg=
github.com/aws/aws-sdk-go-v2/service/xray v1.39.0 h1:35C9dH0wAj7Je2jIS4DZxGDbovYaPxBIztjssGjwxZM=
github.com/aws/aws-sdk-go-v2/service/xray v1.39.0/go.mod h1:bIb+9hZaCB31DvPpgZCenY+o/M76zsZ+hL3CsGQpiCs=
github.com/aws/smithy-go v1.27.4 h1:JQcphmBN4f0q/sPqXqROIItRNV/hy10cgu7CsFy616M=
github.com/aws/smithy-go v1.27.4/go.mod h1:YE2RhdIuDbA5E5bTdciG9KrW3+TiEONeUWCqxX9i1Fc=
github.com/davecgh/go-spew v1.1.0/go.mod h1:J7Y8YcW2NihsgmVo/mv3lAwl/skON4iLHjSsI+c5H38=
github.com/davecgh/go-spew v1.1.1 h1:vj9j/u1bqnvCEfJOwUhtlOARqs3+rkHYY13jYWTU97c=
github.com/davecgh/go-spew v1.1.1/go.mod h1:J7Y8YcW2NihsgmVo/mv3lAwl/skON4iLHjSsI+c5H38=
github.com/jmespath/go-jmespath v0.4.0 h1:BEgLn5cpjn8UN1mAw4NjwDrS35OdebyEtFe+9YPoQUg=
github.com/jmespath/go-jmespath v0.4.0/go.mod h1:T8mJZnbsbmF+m6zOOFylbeCJqk5+pHWvzYPziyZiYoo=
github.com/jmespath/go-jmespath/internal/testify v1.5.1 h1:shLQSRRSCCPj3f2gpwzGwWFoC7ycTf1rcQZHOlsJ6N8=
github.com/jmespath/go-jmespath/internal/testify v1.5.1/go.mod h1:L3OGu8Wl2/fWfCI6z80xFu9LTZmf1ZRjMHUOPmWr69U=
github.com/pmezard/go-difflib v1.0.0 h1:4DBwDE0NGyQoBHbLQYPwSUPoCMWR5BEzIk/f1lZbAQM=
github.com/pmezard/go-difflib v1.0.0/go.mod h1:iKH77koFhYxTK1pcRnkKkqfTogsbg7gZNVY4sRDYZ/4=
github.com/sivchari/golden v0.3.0 h1:WUtMlhvqeH8mXcX4hsZwyfrA5jeNz5F9IL1w+u7Ew7w=
github.com/sivchari/golden v0.3.0/go.mod h1:gddwjsjxPtLYRCq0M471x9WD9khQWty82Yn/PZ/2I8E=
github.com/stretchr/objx v0.1.0/go.mod h1:HFkY916IF+rwdDfMAkV7OtwuqBVzrE8GR6GFx+wExME=
github.com/stretchr/testify v1.7.2 h1:4jaiDzPyXQvSd7D0EjG45355tLlV3VOECpq10pLC+8s=
github.com/stretchr/testify v1.7.2/go.mod h1:R6va5+xMeoiuVRoj+gSkQ7d3FALtqAAGI1FQKckRals=
gopkg.in/check.v1 v0.0.0-20161208181325-20d25e280405/go.mod h1:Co6ibVJAznAaIkqp8huTwlJQCZ016jof/cbN4VW5Yz0=
gopkg.in/yaml.v2 v2.2.8 h1:obN1ZagJSUGI0Ek/LBmuj4SNLPfIny3KsKFopxRdj10=
gopkg.in/yaml.v2 v2.2.8/go.mod h1:hI93XBmqTisBFMUTm0b8Fm+jr3Dg1NNxqwp+5A1VGuI=
gopkg.in/yaml.v3 v3.0.1 h1:fxVm/GzAzEWqLHuvctI91KS9hhNmmWOoWu0XTYJS7CA=
gopkg.in/yaml.v3 v3.0.1/go.mod h1:K4uyk7z7BCEPqu6E+C64Yfv1cQ7kz7rIZviUmN+EgEM=
